
Microsoft Visual Studio Solution File, Format Version 12.00
# Visual Studio Version 16
VisualStudioVersion = 16.0.30711.63
MinimumVisualStudioVersion = 10.0.40219.1
Project("{9A19103F-16F7-4668-BE54-9A1E7A4F7556}") = "eShopSolution.WebApp", "eShopSolution.WebApp\eShopSolution.WebApp.csproj", "{7DAA2C37-3C4C-4DA6-8801-B78A38242477}"
EndProject
Project("{2150E333-8FDC-42A3-9474-1A3956D46DE8}") = "Solution Items", "Solution Items", "{C535ACD4-873A-40B6-8309-C65845ED566F}"
	ProjectSection(SolutionItems) = preProject
		README.md = README.md
	EndProjectSection
EndProject
Project("{9A19103F-16F7-4668-BE54-9A1E7A4F7556}") = "eShopSolution.Application", "eShopSolution.Application\eShopSolution.Application.csproj", "{750FDEC3-3765-4946-AE54-4E72409F1293}"
EndProject
Project("{9A19103F-16F7-4668-BE54-9A1E7A4F7556}") = "eShopSolution.Data", "eShopSolution.Data\eShopSolution.Data.csproj", "{5D2A07C6-CF51-4D49-85FE-4C88723C603C}"
EndProject
Project("{9A19103F-16F7-4668-BE54-9A1E7A4F7556}") = "eShopSolution.Utilities", "eShopSolution.Utilities\eShopSolution.Utilities.csproj", "{FC654C90-A383-40B5-9A40-D9D094D4BC64}"
EndProject
Project("{FAE04EC0-301F-11D3-BF4B-00C04F79EFBC}") = "eShopSolution.ViewModels", "eShopSolution.ViewModels\eShopSolution.ViewModels.csproj", "{7923F270-05E1-4DA0-A5A0-0A812CC213CB}"
EndProject
Global
	GlobalSection(SolutionConfigurationPlatforms) = preSolution
		Debug|Any CPU = Debug|Any CPU
		Release|Any CPU = Release|Any CPU
	EndGlobalSection
	GlobalSection(ProjectConfigurationPlatforms) = postSolution
		{7DAA2C37-3C4C-4DA6-8801-B78A38242477}.Debug|Any CPU.ActiveCfg = Debug|Any CPU
		{7DAA2C37-3C4C-4DA6-8801-B78A38242477}.Debug|Any CPU.Build.0 = Debug|Any CPU
		{7DAA2C37-3C4C-4DA6-8801-B78A38242477}.Release|Any CPU.ActiveCfg = Release|Any CPU
		{7DAA2C37-3C4C-4DA6-8801-B78A38242477}.Release|Any CPU.Build.0 = Release|Any CPU
		{750FDEC3-3765-4946-AE54-4E72409F1293}.Debug|Any CPU.ActiveCfg = Debug|Any CPU
		{750FDEC3-3765-4946-AE54-4E72409F1293}.Debug|Any CPU.Build.0 = Debug|Any CPU
		{750FDEC3-3765-4946-AE54-4E72409F1293}.Release|Any CPU.ActiveCfg = Release|Any CPU
		{750FDEC3-3765-4946-AE54-4E72409F1293}.Release|Any CPU.Build.0 = Release|Any CPU
		{5D2A07C6-CF51-4D49-85FE-4C88723C603C}.Debug|Any CPU.ActiveCfg = Debug|Any CPU
		{5D2A07C6-CF51-4D49-85FE-4C88723C603C}.Debug|Any CPU.Build.0 = Debug|Any CPU
		{5D2A07C6-CF51-4D49-85FE-4C88723C603C}.Release|Any CPU.ActiveCfg = Release|Any CPU
		{5D2A07C6-CF51-4D49-85FE-4C88723C603C}.Release|Any CPU.Build.0 = Release|Any CPU
		{FC654C90-A383-40B5-9A40-D9D094D4BC64}.Debug|Any CPU.ActiveCfg = Debug|Any CPU
		{FC654C90-A383-40B5-9A40-D9D094D4BC64}.Debug|Any CPU.Build.0 = Debug|Any CPU
		{FC654C90-A383-40B5-9A40-D9D094D4BC64}.Release|Any CPU.ActiveCfg = Release|Any CPU
		{FC654C90-A383-40B5-9A40-D9D094D4BC64}.Release|Any CPU.Build.0 = Release|Any CPU
		{7923F270-05E1-4DA0-A5A0-0A812CC213CB}.Debug|Any CPU.ActiveCfg = Debug|Any CPU
		{7923F270-05E1-4DA0-A5A0-0A812CC213CB}.Debug|Any CPU.Build.0 = Debug|Any CPU
		{7923F270-05E1-4DA0-A5A0-0A812CC213CB}.Release|Any CPU.ActiveCfg = Release|Any CPU
		{7923F270-05E1-4DA0-A5A0-0A812CC213CB}.Release|Any CPU.Build.0 = Release|Any CPU
	EndGlobalSection
	GlobalSection(SolutionProperties) = preSolution
		HideSolutionNode = FALSE
	EndGlobalSection
	GlobalSection(ExtensibilityGlobals) = postSolution
		SolutionGuid = {0C12730F-654F-476D-AAB5-32B96A1A2EA4}
	EndGlobalSection
EndGlobal
